// !$*UTF8*$!
{
	archiveVersion = 1;
	classes = {
	};
	objectVersion = 50;
	objects = {

/* Begin PBXBuildFile section */
		93BB6E63244A06C800E8B819 /* AppDelegate.swift in Sources */ = {isa = PBXBuildFile; fileRef = 93BB6E62244A06C800E8B819 /* AppDelegate.swift */; };
		93BB6E65244A06C800E8B819 /* ContentView.swift in Sources */ = {isa = PBXBuildFile; fileRef = 93BB6E64244A06C800E8B819 /* ContentView.swift */; };
		93BB6E67244A06C900E8B819 /* Assets.xcassets in Resources */ = {isa = PBXBuildFile; fileRef = 93BB6E66244A06C900E8B819 /* Assets.xcassets */; };
		93BB6E6A244A06C900E8B819 /* Preview Assets.xcassets in Resources */ = {isa = PBXBuildFile; fileRef = 93BB6E69244A06C900E8B819 /* Preview Assets.xcassets */; };
		93BB6E6D244A06C900E8B819 /* Main.storyboard in Resources */ = {isa = PBXBuildFile; fileRef = 93BB6E6B244A06C900E8B819 /* Main.storyboard */; };
		93BB6E79244A06C900E8B819 /* battery_statusTests.swift in Sources */ = {isa = PBXBuildFile; fileRef = 93BB6E78244A06C900E8B819 /* battery_statusTests.swift */; };
		93BB6E84244A06C900E8B819 /* battery_statusUITests.swift in Sources */ = {isa = PBXBuildFile; fileRef = 93BB6E83244A06C900E8B819 /* battery_statusUITests.swift */; };
/* End PBXBuildFile section */

/* Begin PBXContainerItemProxy section */
		93BB6E75244A06C900E8B819 /* PBXContainerItemProxy */ = {
			isa = PBXContainerItemProxy;
			containerPortal = 93BB6E57244A06C800E8B819 /* Project object */;
			proxyType = 1;
			remoteGlobalIDString = 93BB6E5E244A06C800E8B819;
			remoteInfo = "battery-status";
		};
		93BB6E80244A06C900E8B819 /* PBXContainerItemProxy */ = {
			isa = PBXContainerItemProxy;
			containerPortal = 93BB6E57244A06C800E8B819 /* Project object */;
			proxyType = 1;
			remoteGlobalIDString = 93BB6E5E244A06C800E8B819;
			remoteInfo = "battery-status";
		};
/* End PBXContainerItemProxy section */

/* Begin PBXFileReference section */
		93BB6E5F244A06C800E8B819 /* battery-status.app */ = {isa = PBXFileReference; explicitFileType = wrapper.application; includeInIndex = 0; path = "battery-status.app"; sourceTree = BUILT_PRODUCTS_DIR; };
		93BB6E62244A06C800E8B819 /* AppDelegate.swift */ = {isa = PBXFileReference; lastKnownFileType = sourcecode.swift; path = AppDelegate.swift; sourceTree = "<group>"; };
		93BB6E64244A06C800E8B819 /* ContentView.swift */ = {isa = PBXFileReference; lastKnownFileType = sourcecode.swift; path = ContentView.swift; sourceTree = "<group>"; };
		93BB6E66244A06C900E8B819 /* Assets.xcassets */ = {isa = PBXFileReference; lastKnownFileType = folder.assetcatalog; path = Assets.xcassets; sourceTree = "<group>"; };
		93BB6E69244A06C900E8B819 /* Preview Assets.xcassets */ = {isa = PBXFileReference; lastKnownFileType = folder.assetcatalog; path = "Preview Assets.xcassets"; sourceTree = "<group>"; };
		93BB6E6C244A06C900E8B819 /* Base */ = {isa = PBXFileReference; lastKnownFileType = file.storyboard; name = Base; path = Base.lproj/Main.storyboard; sourceTree = "<group>"; };
		93BB6E6E244A06C900E8B819 /* Info.plist */ = {isa = PBXFileReference; lastKnownFileType = text.plist.xml; path = Info.plist; sourceTree = "<group>"; };
		93BB6E6F244A06C900E8B819 /* battery_status.entitlements */ = {isa = PBXFileReference; lastKnownFileType = text.plist.entitlements; path = battery_status.entitlements; sourceTree = "<group>"; };
		93BB6E74244A06C900E8B819 /* battery-statusTests.xctest */ = {isa = PBXFileReference; explicitFileType = wrapper.cfbundle; includeInIndex = 0; path = "battery-statusTests.xctest"; sourceTree = BUILT_PRODUCTS_DIR; };
		93BB6E78244A06C900E8B819 /* battery_statusTests.swift */ = {isa = PBXFileReference; lastKnownFileType = sourcecode.swift; path = battery_statusTests.swift; sourceTree = "<group>"; };
		93BB6E7A244A06C900E8B819 /* Info.plist */ = {isa = PBXFileReference; lastKnownFileType = text.plist.xml; path = Info.plist; sourceTree = "<group>"; };
		93BB6E7F244A06C900E8B819 /* battery-statusUITests.xctest */ = {isa = PBXFileReference; explicitFileType = wrapper.cfbundle; includeInIndex = 0; path = "battery-statusUITests.xctest"; sourceTree = BUILT_PRODUCTS_DIR; };
		93BB6E83244A06C900E8B819 /* battery_statusUITests.swift */ = {isa = PBXFileReference; lastKnownFileType = sourcecode.swift; path = battery_statusUITests.swift; sourceTree = "<group>"; };
		93BB6E85244A06C900E8B819 /* Info.plist */ = {isa = PBXFileReference; lastKnownFileType = text.plist.xml; path = Info.plist; sourceTree = "<group>"; };
/* End PBXFileReference section */

/* Begin PBXFrameworksBuildPhase section */
		93BB6E5C244A06C800E8B819 /* Frameworks */ = {
			isa = PBXFrameworksBuildPhase;
			buildActionMask = 2147483647;
			files = (
			);
			runOnlyForDeploymentPostprocessing = 0;
		};
		93BB6E71244A06C900E8B819 /* Frameworks */ = {
			isa = PBXFrameworksBuildPhase;
			buildActionMask = 2147483647;
			files = (
			);
			runOnlyForDeploymentPostprocessing = 0;
		};
		93BB6E7C244A06C900E8B819 /* Frameworks */ = {
			isa = PBXFrameworksBuildPhase;
			buildActionMask = 2147483647;
			files = (
			);
			runOnlyForDeploymentPostprocessing = 0;
		};
/* End PBXFrameworksBuildPhase section */

/* Begin PBXGroup section */
		93BB6E56244A06C800E8B819 = {
			isa = PBXGroup;
			children = (
				93BB6E61244A06C800E8B819 /* battery-status */,
				93BB6E77244A06C900E8B819 /* battery-statusTests */,
				93BB6E82244A06C900E8B819 /* battery-statusUITests */,
				93BB6E60244A06C800E8B819 /* Products */,
			);
			sourceTree = "<group>";
		};
		93BB6E60244A06C800E8B819 /* Products */ = {
			isa = PBXGroup;
			children = (
				93BB6E5F244A06C800E8B819 /* battery-status.app */,
				93BB6E74244A06C900E8B819 /* battery-statusTests.xctest */,
				93BB6E7F244A06C900E8B819 /* battery-statusUITests.xctest */,
			);
			name = Products;
			sourceTree = "<group>";
		};
		93BB6E61244A06C800E8B819 /* battery-status */ = {
			isa = PBXGroup;
			children = (
				93BB6E62244A06C800E8B819 /* AppDelegate.swift */,
				93BB6E64244A06C800E8B819 /* ContentView.swift */,
				93BB6E66244A06C900E8B819 /* Assets.xcassets */,
				93BB6E6B244A06C900E8B819 /* Main.storyboard */,
				93BB6E6E244A06C900E8B819 /* Info.plist */,
				93BB6E6F244A06C900E8B819 /* battery_status.entitlements */,
				93BB6E68244A06C900E8B819 /* Preview Content */,
			);
			path = "battery-status";
			sourceTree = "<group>";
		};
		93BB6E68244A06C900E8B819 /* Preview Content */ = {
			isa = PBXGroup;
			children = (
				93BB6E69244A06C900E8B819 /* Preview Assets.xcassets */,
			);
			path = "Preview Content";
			sourceTree = "<group>";
		};
		93BB6E77244A06C900E8B819 /* battery-statusTests */ = {
			isa = PBXGroup;
			children = (
				93BB6E78244A06C900E8B819 /* battery_statusTests.swift */,
				93BB6E7A244A06C900E8B819 /* Info.plist */,
			);
			path = "battery-statusTests";
			sourceTree = "<group>";
		};
		93BB6E82244A06C900E8B819 /* battery-statusUITests */ = {
			isa = PBXGroup;
			children = (
				93BB6E83244A06C900E8B819 /* battery_statusUITests.swift */,
				93BB6E85244A06C900E8B819 /* Info.plist */,
			);
			path = "battery-statusUITests";
			sourceTree = "<group>";
		};
/* End PBXGroup section */

/* Begin PBXNativeTarget section */
		93BB6E5E244A06C800E8B819 /* battery-status */ = {
			isa = PBXNativeTarget;
			buildConfigurationList = 93BB6E88244A06CA00E8B819 /* Build configuration list for PBXNativeTarget "battery-status" */;
			buildPhases = (
				93BB6E5B244A06C800E8B819 /* Sources */,
				93BB6E5C244A06C800E8B819 /* Frameworks */,
				93BB6E5D244A06C800E8B819 /* Resources */,
			);
			buildRules = (
			);
			dependencies = (
			);
			name = "battery-status";
			productName = "battery-status";
			productReference = 93BB6E5F244A06C800E8B819 /* battery-status.app */;
			productType = "com.apple.product-type.application";
		};
		93BB6E73244A06C900E8B819 /* battery-statusTests */ = {
			isa = PBXNativeTarget;
			buildConfigurationList = 93BB6E8B244A06CA00E8B819 /* Build configuration list for PBXNativeTarget "battery-statusTests" */;
			buildPhases = (
				93BB6E70244A06C900E8B819 /* Sources */,
				93BB6E71244A06C900E8B819 /* Frameworks */,
				93BB6E72244A06C900E8B819 /* Resources */,
			);
			buildRules = (
			);
			dependencies = (
				93BB6E76244A06C900E8B819 /* PBXTargetDependency */,
			);
			name = "battery-statusTests";
			productName = "battery-statusTests";
			productReference = 93BB6E74244A06C900E8B819 /* battery-statusTests.xctest */;
			productType = "com.apple.product-type.bundle.unit-test";
		};
		93BB6E7E244A06C900E8B819 /* battery-statusUITests */ = {
			isa = PBXNativeTarget;
			buildConfigurationList = 93BB6E8E244A06CA00E8B819 /* Build configuration list for PBXNativeTarget "battery-statusUITests" */;
			buildPhases = (
				93BB6E7B244A06C900E8B819 /* Sources */,
				93BB6E7C244A06C900E8B819 /* Frameworks */,
				93BB6E7D244A06C900E8B819 /* Resources */,
			);
			buildRules = (
			);
			dependencies = (
				93BB6E81244A06C900E8B819 /* PBXTargetDependency */,
			);
			name = "battery-statusUITests";
			productName = "battery-statusUITests";
			productReference = 93BB6E7F244A06C900E8B819 /* battery-statusUITests.xctest */;
			productType = "com.apple.product-type.bundle.ui-testing";
		};
/* End PBXNativeTarget section */

/* Begin PBXProject section */
		93BB6E57244A06C800E8B819 /* Project object */ = {
			isa = PBXProject;
			attributes = {
				LastSwiftUpdateCheck = 1140;
				LastUpgradeCheck = 1140;
				ORGANIZATIONNAME = Danutz;
				TargetAttributes = {
					93BB6E5E244A06C800E8B819 = {
						CreatedOnToolsVersion = 11.4.1;
					};
					93BB6E73244A06C900E8B819 = {
						CreatedOnToolsVersion = 11.4.1;
						TestTargetID = 93BB6E5E244A06C800E8B819;
					};
					93BB6E7E244A06C900E8B819 = {
						CreatedOnToolsVersion = 11.4.1;
						TestTargetID = 93BB6E5E244A06C800E8B819;
					};
				};
			};
			buildConfigurationList = 93BB6E5A244A06C800E8B819 /* Build configuration list for PBXProject "battery-status" */;
			compatibilityVersion = "Xcode 9.3";
			developmentRegion = en;
			hasScannedForEncodings = 0;
			knownRegions = (
				en,
				Base,
			);
			mainGroup = 93BB6E56244A06C800E8B819;
			productRefGroup = 93BB6E60244A06C800E8B819 /* Products */;
			projectDirPath = "";
			projectRoot = "";
			targets = (
				93BB6E5E244A06C800E8B819 /* battery-status */,
				93BB6E73244A06C900E8B819 /* battery-statusTests */,
				93BB6E7E244A06C900E8B819 /* battery-statusUITests */,
			);
		};
/* End PBXProject section */

/* Begin PBXResourcesBuildPhase section */
		93BB6E5D244A06C800E8B819 /* Resources */ = {
			isa = PBXResourcesBuildPhase;
			buildActionMask = 2147483647;
			files = (
				93BB6E6D244A06C900E8B819 /* Main.storyboard in Resources */,
				93BB6E6A244A06C900E8B819 /* Preview Assets.xcassets in Resources */,
				93BB6E67244A06C900E8B819 /* Assets.xcassets in Resources */,
			);
			runOnlyForDeploymentPostprocessing = 0;
		};
		93BB6E72244A06C900E8B819 /* Resources */ = {
			isa = PBXResourcesBuildPhase;
			buildActionMask = 2147483647;
			files = (
			);
			runOnlyForDeploymentPostprocessing = 0;
		};
		93BB6E7D244A06C900E8B819 /* Resources */ = {
			isa = PBXResourcesBuildPhase;
			buildActionMask = 2147483647;
			files = (
			);
			runOnlyForDeploymentPostprocessing = 0;
		};
/* End PBXResourcesBuildPhase section */

/* Begin PBXSourcesBuildPhase section */
		93BB6E5B244A06C800E8B819 /* Sources */ = {
			isa = PBXSourcesBuildPhase;
			buildActionMask = 2147483647;
			files = (
				93BB6E65244A06C800E8B819 /* ContentView.swift in Sources */,
				93BB6E63244A06C800E8B819 /* AppDelegate.swift in Sources */,
			);
			runOnlyForDeploymentPostprocessing = 0;
		};
		93BB6E70244A06C900E8B819 /* Sources */ = {
			isa = PBXSourcesBuildPhase;
			buildActionMask = 2147483647;
			files = (
				93BB6E79244A06C900E8B819 /* battery_statusTests.swift in Sources */,
			);
			runOnlyForDeploymentPostprocessing = 0;
		};
		93BB6E7B244A06C900E8B819 /* Sources */ = {
			isa = PBXSourcesBuildPhase;
			buildActionMask = 2147483647;
			files = (
				93BB6E84244A06C900E8B819 /* battery_statusUITests.swift in Sources */,
			);
			runOnlyForDeploymentPostprocessing = 0;
		};
/* End PBXSourcesBuildPhase section */

/* Begin PBXTargetDependency section */
		93BB6E76244A06C900E8B819 /* PBXTargetDependency */ = {
			isa = PBXTargetDependency;
			target = 93BB6E5E244A06C800E8B819 /* battery-status */;
			targetProxy = 93BB6E75244A06C900E8B819 /* PBXContainerItemProxy */;
		};
		93BB6E81244A06C900E8B819 /* PBXTargetDependency */ = {
			isa = PBXTargetDependency;
			target = 93BB6E5E244A06C800E8B819 /* battery-status */;
			targetProxy = 93BB6E80244A06C900E8B819 /* PBXContainerItemProxy */;
		};
/* End PBXTargetDependency section */

/* Begin PBXVariantGroup section */
		93BB6E6B244A06C900E8B819 /* Main.storyboard */ = {
			isa = PBXVariantGroup;
			children = (
				93BB6E6C244A06C900E8B819 /* Base */,
			);
			name = Main.storyboard;
			sourceTree = "<group>";
		};
/* End PBXVariantGroup section */

/* Begin XCBuildConfiguration section */
		93BB6E86244A06C900E8B819 /* Debug */ = {
			isa = XCBuildConfiguration;
			buildSettings = {
				ALWAYS_SEARCH_USER_PATHS = NO;
				CLANG_ANALYZER_NONNULL = YES;
				CLANG_ANALYZER_NUMBER_OBJECT_CONVERSION = YES_AGGRESSIVE;
				CLANG_CXX_LANGUAGE_STANDARD = "gnu++14";
				CLANG_CXX_LIBRARY = "libc++";
				CLANG_ENABLE_MODULES = YES;
				CLANG_ENABLE_OBJC_ARC = YES;
				CLANG_ENABLE_OBJC_WEAK = YES;
				CLANG_WARN_BLOCK_CAPTURE_AUTORELEASING = YES;
				CLANG_WARN_BOOL_CONVERSION = YES;
				CLANG_WARN_COMMA = YES;
				CLANG_WARN_CONSTANT_CONVERSION = YES;
				CLANG_WARN_DEPRECATED_OBJC_IMPLEMENTATIONS = YES;
				CLANG_WARN_DIRECT_OBJC_ISA_USAGE = YES_ERROR;
				CLANG_WARN_DOCUMENTATION_COMMENTS = YES;
				CLANG_WARN_EMPTY_BODY = YES;
				CLANG_WARN_ENUM_CONVERSION = YES;
				CLANG_WARN_INFINITE_RECURSION = YES;
				CLANG_WARN_INT_CONVERSION = YES;
				CLANG_WARN_NON_LITERAL_NULL_CONVERSION = YES;
				CLANG_WARN_OBJC_IMPLICIT_RETAIN_SELF = YES;
				CLANG_WARN_OBJC_LITERAL_CONVERSION = YES;
				CLANG_WARN_OBJC_ROOT_CLASS = YES_ERROR;
				CLANG_WARN_RANGE_LOOP_ANALYSIS = YES;
				CLANG_WARN_STRICT_PROTOTYPES = YES;
				CLANG_WARN_SUSPICIOUS_MOVE = YES;
				CLANG_WARN_UNGUARDED_AVAILABILITY = YES_AGGRESSIVE;
				CLANG_WARN_UNREACHABLE_CODE = YES;
				CLANG_WARN__DUPLICATE_METHOD_MATCH = YES;
				COPY_PHASE_STRIP = NO;
				DEBUG_INFORMATION_FORMAT = dwarf;
				ENABLE_STRICT_OBJC_MSGSEND = YES;
				ENABLE_TESTABILITY = YES;
				GCC_C_LANGUAGE_STANDARD = gnu11;
				GCC_DYNAMIC_NO_PIC = NO;
				GCC_NO_COMMON_BLOCKS = YES;
				GCC_OPTIMIZATION_LEVEL = 0;
				GCC_PREPROCESSOR_DEFINITIONS = (
					"DEBUG=1",
					"$(inherited)",
				);
				GCC_WARN_64_TO_32_BIT_CONVERSION = YES;
				GCC_WARN_ABOUT_RETURN_TYPE = YES_ERROR;
				GCC_WARN_UNDECLARED_SELECTOR = YES;
				GCC_WARN_UNINITIALIZED_AUTOS = YES_AGGRESSIVE;
				GCC_WARN_UNUSED_FUNCTION = YES;
				GCC_WARN_UNUSED_VARIABLE = YES;
				MACOSX_DEPLOYMENT_TARGET = 10.15;
				MTL_ENABLE_DEBUG_INFO = INCLUDE_SOURCE;
				MTL_FAST_MATH = YES;
				ONLY_ACTIVE_ARCH = YES;
				SDKROOT = macosx;
				SWIFT_ACTIVE_COMPILATION_CONDITIONS = DEBUG;
				SWIFT_OPTIMIZATION_LEVEL = "-Onone";
			};
			name = Debug;
		};
		93BB6E87244A06C900E8B819 /* Release */ = {
			isa = XCBuildConfiguration;
			buildSettings = {
				ALWAYS_SEARCH_USER_PATHS = NO;
				CLANG_ANALYZER_NONNULL = YES;
				CLANG_ANALYZER_NUMBER_OBJECT_CONVERSION = YES_AGGRESSIVE;
				CLANG_CXX_LANGUAGE_STANDARD = "gnu++14";
				CLANG_CXX_LIBRARY = "libc++";
				CLANG_ENABLE_MODULES = YES;
				CLANG_ENABLE_OBJC_ARC = YES;
				CLANG_ENABLE_OBJC_WEAK = YES;
				CLANG_WARN_BLOCK_CAPTURE_AUTORELEASING = YES;
				CLANG_WARN_BOOL_CONVERSION = YES;
				CLANG_WARN_COMMA = YES;
				CLANG_WARN_CONSTANT_CONVERSION = YES;
				CLANG_WARN_DEPRECATED_OBJC_IMPLEMENTATIONS = YES;
				CLANG_WARN_DIRECT_OBJC_ISA_USAGE = YES_ERROR;
				CLANG_WARN_DOCUMENTATION_COMMENTS = YES;
				CLANG_WARN_EMPTY_BODY = YES;
				CLANG_WARN_ENUM_CONVERSION = YES;
				CLANG_WARN_INFINITE_RECURSION = YES;
				CLANG_WARN_INT_CONVERSION = YES;
				CLANG_WARN_NON_LITERAL_NULL_CONVERSION = YES;
				CLANG_WARN_OBJC_IMPLICIT_RETAIN_SELF = YES;
				CLANG_WARN_OBJC_LITERAL_CONVERSION = YES;
				CLANG_WARN_OBJC_ROOT_CLASS = YES_ERROR;
				CLANG_WARN_RANGE_LOOP_ANALYSIS = YES;
				CLANG_WARN_STRICT_PROTOTYPES = YES;
				CLANG_WARN_SUSPICIOUS_MOVE = YES;
				CLANG_WARN_UNGUARDED_AVAILABILITY = YES_AGGRESSIVE;
				CLANG_WARN_UNREACHABLE_CODE = YES;
				CLANG_WARN__DUPLICATE_METHOD_MATCH = YES;
				COPY_PHASE_STRIP = NO;
				DEBUG_INFORMATION_FORMAT = "dwarf-with-dsym";
				ENABLE_NS_ASSERTIONS = NO;
				ENABLE_STRICT_OBJC_MSGSEND = YES;
				GCC_C_LANGUAGE_STANDARD = gnu11;
				GCC_NO_COMMON_BLOCKS = YES;
				GCC_WARN_64_TO_32_BIT_CONVERSION = YES;
				GCC_WARN_ABOUT_RETURN_TYPE = YES_ERROR;
				GCC_WARN_UNDECLARED_SELECTOR = YES;
				GCC_WARN_UNINITIALIZED_AUTOS = YES_AGGRESSIVE;
				GCC_WARN_UNUSED_FUNCTION = YES;
				GCC_WARN_UNUSED_VARIABLE = YES;
				MACOSX_DEPLOYMENT_TARGET = 10.15;
				MTL_ENABLE_DEBUG_INFO = NO;
				MTL_FAST_MATH = YES;
				SDKROOT = macosx;
				SWIFT_COMPILATION_MODE = wholemodule;
				SWIFT_OPTIMIZATION_LEVEL = "-O";
			};
			name = Release;
		};
		93BB6E89244A06CA00E8B819 /* Debug */ = {
			isa = XCBuildConfiguration;
			buildSettings = {
				ASSETCATALOG_COMPILER_APPICON_NAME = AppIcon;
				CODE_SIGN_ENTITLEMENTS = "battery-status/battery_status.entitlements";
				CODE_SIGN_STYLE = Automatic;
				COMBINE_HIDPI_IMAGES = YES;
				DEVELOPMENT_ASSET_PATHS = "\"battery-status/Preview Content\"";
				ENABLE_PREVIEWS = YES;
				INFOPLIST_FILE = "battery-status/Info.plist";
				LD_RUNPATH_SEARCH_PATHS = (
					"$(inherited)",
					"@executable_path/../Frameworks",
				);
				MACOSX_DEPLOYMENT_TARGET = 10.15;
				PRODUCT_BUNDLE_IDENTIFIER = "org.danutz.battery-status";
				PRODUCT_NAME = "$(TARGET_NAME)";
				SWIFT_VERSION = 5.0;
			};
			name = Debug;
		};
		93BB6E8A244A06CA00E8B819 /* Release */ = {
			isa = XCBuildConfiguration;
			buildSettings = {
				ASSETCATALOG_COMPILER_APPICON_NAME = AppIcon;
				CODE_SIGN_ENTITLEMENTS = "battery-status/battery_status.entitlements";
				CODE_SIGN_STYLE = Automatic;
				COMBINE_HIDPI_IMAGES = YES;
				DEVELOPMENT_ASSET_PATHS = "\"battery-status/Preview Content\"";
				ENABLE_PREVIEWS = YES;
				INFOPLIST_FILE = "battery-status/Info.plist";
				LD_RUNPATH_SEARCH_PATHS = (
					"$(inherited)",
					"@executable_path/../Frameworks",
				);
				MACOSX_DEPLOYMENT_TARGET = 10.15;
				PRODUCT_BUNDLE_IDENTIFIER = "org.danutz.battery-status";
				PRODUCT_NAME = "$(TARGET_NAME)";
				SWIFT_VERSION = 5.0;
			};
			name = Release;
		};
		93BB6E8C244A06CA00E8B819 /* Debug */ = {
			isa = XCBuildConfiguration;
			buildSettings = {
				ALWAYS_EMBED_SWIFT_STANDARD_LIBRARIES = YES;
				BUNDLE_LOADER = "$(TEST_HOST)";
				CODE_SIGN_STYLE = Automatic;
				COMBINE_HIDPI_IMAGES = YES;
				INFOPLIST_FILE = "battery-statusTests/Info.plist";
				LD_RUNPATH_SEARCH_PATHS = (
					"$(inherited)",
					"@executable_path/../Frameworks",
					"@loader_path/../Frameworks",
				);
				MACOSX_DEPLOYMENT_TARGET = 10.15;
				PRODUCT_BUNDLE_IDENTIFIER = "org.danutz.battery-statusTests";
				PRODUCT_NAME = "$(TARGET_NAME)";
				SWIFT_VERSION = 5.0;
				TEST_HOST = "$(BUILT_PRODUCTS_DIR)/battery-status.app/Contents/MacOS/battery-status";
			};
			name = Debug;
		};
		93BB6E8D244A06CA00E8B819 /* Release */ = {
			isa = XCBuildConfiguration;
			buildSettings = {
				ALWAYS_EMBED_SWIFT_STANDARD_LIBRARIES = YES;
				BUNDLE_LOADER = "$(TEST_HOST)";
				CODE_SIGN_STYLE = Automatic;
				COMBINE_HIDPI_IMAGES = YES;
				INFOPLIST_FILE = "battery-statusTests/Info.plist";
				LD_RUNPATH_SEARCH_PATHS = (
					"$(inherited)",
					"@executable_path/../Frameworks",
					"@loader_path/../Frameworks",
				);
				MACOSX_DEPLOYMENT_TARGET = 10.15;
				PRODUCT_BUNDLE_IDENTIFIER = "org.danutz.battery-statusTests";
				PRODUCT_NAME = "$(TARGET_NAME)";
				SWIFT_VERSION = 5.0;
				TEST_HOST = "$(BUILT_PRODUCTS_DIR)/battery-status.app/Contents/MacOS/battery-status";
			};
			name = Release;
		};
		93BB6E8F244A06CA00E8B819 /* Debug */ = {
			isa = XCBuildConfiguration;
			buildSettings = {
				ALWAYS_EMBED_SWIFT_STANDARD_LIBRARIES = YES;
				CODE_SIGN_STYLE = Automatic;
				COMBINE_HIDPI_IMAGES = YES;
				INFOPLIST_FILE = "battery-statusUITests/Info.plist";
				LD_RUNPATH_SEARCH_PATHS = (
					"$(inherited)",
					"@executable_path/../Frameworks",
					"@loader_path/../Frameworks",
				);
				PRODUCT_BUNDLE_IDENTIFIER = "org.danutz.battery-statusUITests";
				PRODUCT_NAME = "$(TARGET_NAME)";
				SWIFT_VERSION = 5.0;
				TEST_TARGET_NAME = "battery-status";
			};
			name = Debug;
		};
		93BB6E90244A06CA00E8B819 /* Release */ = {
			isa = XCBuildConfiguration;
			buildSettings = {
				ALWAYS_EMBED_SWIFT_STANDARD_LIBRARIES = YES;
				CODE_SIGN_STYLE = Automatic;
				COMBINE_HIDPI_IMAGES = YES;
				INFOPLIST_FILE = "battery-statusUITests/Info.plist";
				LD_RUNPATH_SEARCH_PATHS = (
					"$(inherited)",
					"@executable_path/../Frameworks",
					"@loader_path/../Frameworks",
				);
				PRODUCT_BUNDLE_IDENTIFIER = "org.danutz.battery-statusUITests";
				PRODUCT_NAME = "$(TARGET_NAME)";
				SWIFT_VERSION = 5.0;
				TEST_TARGET_NAME = "battery-status";
			};
			name = Release;
		};
/* End XCBuildConfiguration section */

/* Begin XCConfigurationList section */
		93BB6E5A244A06C800E8B819 /* Build configuration list for PBXProject "battery-status" */ = {
			isa = XCConfigurationList;
			buildConfigurations = (
				93BB6E86244A06C900E8B819 /* Debug */,
				93BB6E87244A06C900E8B819 /* Release */,
			);
			defaultConfigurationIsVisible = 0;
			defaultConfigurationName = Release;
		};
		93BB6E88244A06CA00E8B819 /* Build configuration list for PBXNativeTarget "battery-status" */ = {
			isa = XCConfigurationList;
			buildConfigurations = (
				93BB6E89244A06CA00E8B819 /* Debug */,
				93BB6E8A244A06CA00E8B819 /* Release */,
			);
			defaultConfigurationIsVisible = 0;
			defaultConfigurationName = Release;
		};
		93BB6E8B244A06CA00E8B819 /* Build configuration list for PBXNativeTarget "battery-statusTests" */ = {
			isa = XCConfigurationList;
			buildConfigurations = (
				93BB6E8C244A06CA00E8B819 /* Debug */,
				93BB6E8D244A06CA00E8B819 /* Release */,
			);
			defaultConfigurationIsVisible = 0;
			defaultConfigurationName = Release;
		};
		93BB6E8E244A06CA00E8B819 /* Build configuration list for PBXNativeTarget "battery-statusUITests" */ = {
			isa = XCConfigurationList;
			buildConfigurations = (
				93BB6E8F244A06CA00E8B819 /* Debug */,
				93BB6E90244A06CA00E8B819 /* Release */,
			);
			defaultConfigurationIsVisible = 0;
			defaultConfigurationName = Release;
		};
/* End XCConfigurationList section */
	};
	rootObject = 93BB6E57244A06C800E8B819 /* Project object */;
}
